<Solution>
  <Folder Name="/src/">
    <Project Path="src/Synentra.BuildingBlocks/Synentra.BuildingBlocks.csproj" Id="761927d6-9aa6-49aa-b06d-b34fc4ec2f78" />
  </Folder>
  <Folder Name="/src/Core/">
    <Project Path="src/Synentra.Application/Synentra.Application.csproj" />
    <Project Path="src/Synentra.Domain/Synentra.Domain.csproj" Id="c6db4cba-56e6-436c-99c7-a04ce0ebc7d9" />
  </Folder>
  <Folder Name="/src/Infrastructure/">
    <Project Path="src/Synentra.Infrastructure.Persistence.Common/Synentra.Infrastructure.Persistence.Common.csproj" Id="7d7a4a3b-4981-4938-8ed1-a66a72b5f037" />
    <Project Path="src/Synentra.Infrastructure.Persistence.PostgreSQL/Synentra.Infrastructure.Persistence.PostgreSQL.csproj" />
    <Project Path="src/Synentra.Infrastructure.Persistence.Sqlite/Synentra.Infrastructure.Persistence.Sqlite.csproj" Id="95d42591-0f64-4560-a0d8-cd00372b9126" />
    <Project Path="src/Synentra.Infrastructure/Synentra.Infrastructure.csproj" Id="4b8d26af-2fb3-448b-a0af-176761982f70" />
  </Folder>
  <Folder Name="/src/Presentation/">
    <Project Path="src/Synentra/Synentra.csproj" Id="c9bb9cb7-ada0-450f-b0de-55627589595f" />
  </Folder>
  <Folder Name="/tests/">
    <Project Path="tests/Synentra.BuildingBlocks.UnitTests/Synentra.BuildingBlocks.UnitTests.csproj" />
  </Folder>
  <Folder Name="/tests/Core/">
    <Project Path="tests/Synentra.Application.UnitTests/Synentra.Application.UnitTests.csproj" Id="da5eef90-a9f3-44d2-bfb5-664effc22754" />
    <Project Path="tests/Synentra.Domain.UnitTests/Synentra.Domain.UnitTests.csproj" Id="cf9d8eb1-b870-40fc-a85a-c20fd1b56bfb" />
  </Folder>
  <Folder Name="/tests/Infrastructure/">
    <Project Path="tests/Synentra.Infrastructure.Persistence.Common.UnitTests/Synentra.Infrastructure.Persistence.Common.UnitTests.csproj" Id="89c474c3-2b52-4fc9-99a7-9c778bf47c5e" />
    <Project Path="tests/Synentra.Infrastructure.Persistence.PostgreSQL.UnitTests/Synentra.Infrastructure.Persistence.PostgreSQL.UnitTests.csproj" />
    <Project Path="tests/Synentra.Infrastructure.Persistence.Sqlite.UnitTests/Synentra.Infrastructure.Persistence.Sqlite.UnitTests.csproj" Id="2823896b-6cd9-4920-bf55-d445b45b2116" />
    <Project Path="tests/Synentra.Infrastructure.UnitTests/Synentra.Infrastructure.UnitTests.csproj" Id="5de204ff-abea-4981-9c5e-3bf8904b73c0" />
  </Folder>
  <Folder Name="/tests/load/">
    <File Path="tests/Load/README.md" />
    <File Path="tests/Load/synentra_load_test_without_policy.js" />
  </Folder>
  <Folder Name="/tests/Presentation/">
    <Project Path="tests/Synentra.UnitTests/Synentra.UnitTests.csproj" Id="a936de9b-7a79-4984-ae05-fbf02d87bfa0" />
  </Folder>
</Solution>
